
Microsoft Visual Studio Solution File, Format Version 12.00
# Visual Studio Version 17
VisualStudioVersion = 17.3.32819.101
MinimumVisualStudioVersion = 10.0.40219.1
Project("{FAE04EC0-301F-11D3-BF4B-00C04F79EFBC}") = "Fiap.Console.AsyncSync05", "Fiap.Console.AsyncSync05\Fiap.Console.AsyncSync05.csproj", "{0A6AB526-0E64-40E5-A8CB-0CE1DFD182F0}"
EndProject
Global
	GlobalSection(SolutionConfigurationPlatforms) = preSolution
		Debug|Any CPU = Debug|Any CPU
		Release|Any CPU = Release|Any CPU
	EndGlobalSection
	GlobalSection(ProjectConfigurationPlatforms) = postSolution
		{0A6AB526-0E64-40E5-A8CB-0CE1DFD182F0}.Debug|Any CPU.ActiveCfg = Debug|Any CPU
		{0A6AB526-0E64-40E5-A8CB-0CE1DFD182F0}.Debug|Any CPU.Build.0 = Debug|Any CPU
		{0A6AB526-0E64-40E5-A8CB-0CE1DFD182F0}.Release|Any CPU.ActiveCfg = Release|Any CPU
		{0A6AB526-0E64-40E5-A8CB-0CE1DFD182F0}.Release|Any CPU.Build.0 = Release|Any CPU
	EndGlobalSection
	GlobalSection(SolutionProperties) = preSolution
		HideSolutionNode = FALSE
	EndGlobalSection
	GlobalSection(ExtensibilityGlobals) = postSolution
		SolutionGuid = {33CA6730-C47C-42C0-AA3D-FE233D75316A}
	EndGlobalSection
EndGlobal
